// !$*UTF8*$!
{
	archiveVersion = 1;
	classes = {
	};
	objectVersion = 77;
	objects = {

/* Begin PBXBuildFile section */
		28F6CBF12F8EA1A800AAE561 /* FirebaseAI in Frameworks */ = {isa = PBXBuildFile; productRef = 28F6CBF02F8EA1A800AAE561 /* FirebaseAI */; };
		28F6CBF32F8EA1A800AAE561 /* FirebaseAILogic in Frameworks */ = {isa = PBXBuildFile; productRef = 28F6CBF22F8EA1A800AAE561 /* FirebaseAILogic */; };
		28F6CBF52F8EA1A800AAE561 /* FirebaseAnalytics in Frameworks */ = {isa = PBXBuildFile; productRef = 28F6CBF42F8EA1A800AAE561 /* FirebaseAnalytics */; };
		28F6CBF72F8EA1A800AAE561 /* FirebaseAnalyticsCore in Frameworks */ = {isa = PBXBuildFile; productRef = 28F6CBF62F8EA1A800AAE561 /* FirebaseAnalyticsCore */; };
		28F6CBF92F8EA1A800AAE561 /* FirebaseAnalyticsIdentitySupport in Frameworks */ = {isa = PBXBuildFile; productRef = 28F6CBF82F8EA1A800AAE561 /* FirebaseAnalyticsIdentitySupport */; };
		28F6CC012F8EB10000AAE561 /* FirebaseAuth in Frameworks */ = {isa = PBXBuildFile; productRef = 28F6CC002F8EB10000AAE561 /* FirebaseAuth */; };
		28F6CC032F8EB10000AAE561 /* GoogleSignIn in Frameworks */ = {isa = PBXBuildFile; productRef = 28F6CC022F8EB10000AAE561 /* GoogleSignIn */; };
		28F6CC052F8EB10000AAE561 /* FacebookLogin in Frameworks */ = {isa = PBXBuildFile; productRef = 28F6CC042F8EB10000AAE561 /* FacebookLogin */; };
		28F6CC072F8EB10000AAE561 /* FacebookCore in Frameworks */ = {isa = PBXBuildFile; productRef = 28F6CC062F8EB10000AAE561 /* FacebookCore */; };
/* End PBXBuildFile section */

/* Begin PBXContainerItemProxy section */
		28F6CBD12F8E9E8800AAE561 /* PBXContainerItemProxy */ = {
			isa = PBXContainerItemProxy;
			containerPortal = 28F6CBB52F8E9E8600AAE561 /* Project object */;
			proxyType = 1;
			remoteGlobalIDString = 28F6CBBC2F8E9E8600AAE561;
			remoteInfo = HappySkin;
		};
		28F6CBDB2F8E9E8800AAE561 /* PBXContainerItemProxy */ = {
			isa = PBXContainerItemProxy;
			containerPortal = 28F6CBB52F8E9E8600AAE561 /* Project object */;
			proxyType = 1;
			remoteGlobalIDString = 28F6CBBC2F8E9E8600AAE561;
			remoteInfo = HappySkin;
		};
/* End PBXContainerItemProxy section */

/* Begin PBXFileReference section */
		28F6CBBD2F8E9E8600AAE561 /* HappySkin.app */ = {isa = PBXFileReference; explicitFileType = wrapper.application; includeInIndex = 0; path = HappySkin.app; sourceTree = BUILT_PRODUCTS_DIR; };
		28F6CBD02F8E9E8800AAE561 /* HappySkinTests.xctest */ = {isa = PBXFileReference; explicitFileType = wrapper.cfbundle; includeInIndex = 0; path = HappySkinTests.xctest; sourceTree = BUILT_PRODUCTS_DIR; };
		28F6CBDA2F8E9E8800AAE561 /* HappySkinUITests.xctest */ = {isa = PBXFileReference; explicitFileType = wrapper.cfbundle; includeInIndex = 0; path = HappySkinUITests.xctest; sourceTree = BUILT_PRODUCTS_DIR; };
/* End PBXFileReference section */

/* Begin PBXFileSystemSynchronizedRootGroup section */
		28F6CBBF2F8E9E8600AAE561 /* HappySkin */ = {
			isa = PBXFileSystemSynchronizedRootGroup;
			path = HappySkin;
			sourceTree = "<group>";
		};
		28F6CBD32F8E9E8800AAE561 /* HappySkinTests */ = {
			isa = PBXFileSystemSynchronizedRootGroup;
			path = HappySkinTests;
			sourceTree = "<group>";
		};
		28F6CBDD2F8E9E8800AAE561 /* HappySkinUITests */ = {
			isa = PBXFileSystemSynchronizedRootGroup;
			path = HappySkinUITests;
			sourceTree = "<group>";
		};
/* End PBXFileSystemSynchronizedRootGroup section */

/* Begin PBXFrameworksBuildPhase section */
		28F6CBBA2F8E9E8600AAE561 /* Frameworks */ = {
			isa = PBXFrameworksBuildPhase;
			buildActionMask = 2147483647;
			files = (
				28F6CC072F8EB10000AAE561 /* FacebookCore in Frameworks */,
				28F6CC052F8EB10000AAE561 /* FacebookLogin in Frameworks */,
				28F6CC032F8EB10000AAE561 /* GoogleSignIn in Frameworks */,
				28F6CC012F8EB10000AAE561 /* FirebaseAuth in Frameworks */,
				28F6CBF32F8EA1A800AAE561 /* FirebaseAILogic in Frameworks */,
				28F6CBF92F8EA1A800AAE561 /* FirebaseAnalyticsIdentitySupport in Frameworks */,
				28F6CBF12F8EA1A800AAE561 /* FirebaseAI in Frameworks */,
				28F6CBF52F8EA1A800AAE561 /* FirebaseAnalytics in Frameworks */,
				28F6CBF72F8EA1A800AAE561 /* FirebaseAnalyticsCore in Frameworks */,
			);
			runOnlyForDeploymentPostprocessing = 0;
		};
		28F6CBCD2F8E9E8800AAE561 /* Frameworks */ = {
			isa = PBXFrameworksBuildPhase;
			buildActionMask = 2147483647;
			files = (
			);
			runOnlyForDeploymentPostprocessing = 0;
		};
		28F6CBD72F8E9E8800AAE561 /* Frameworks */ = {
			isa = PBXFrameworksBuildPhase;
			buildActionMask = 2147483647;
			files = (
			);
			runOnlyForDeploymentPostprocessing = 0;
		};
/* End PBXFrameworksBuildPhase section */

/* Begin PBXGroup section */
		28F6CBB42F8E9E8600AAE561 = {
			isa = PBXGroup;
			children = (
				28F6CBBF2F8E9E8600AAE561 /* HappySkin */,
				28F6CBD32F8E9E8800AAE561 /* HappySkinTests */,
				28F6CBDD2F8E9E8800AAE561 /* HappySkinUITests */,
				28F6CBBE2F8E9E8600AAE561 /* Products */,
			);
			sourceTree = "<group>";
		};
		28F6CBBE2F8E9E8600AAE561 /* Products */ = {
			isa = PBXGroup;
			children = (
				28F6CBBD2F8E9E8600AAE561 /* HappySkin.app */,
				28F6CBD02F8E9E8800AAE561 /* HappySkinTests.xctest */,
				28F6CBDA2F8E9E8800AAE561 /* HappySkinUITests.xctest */,
			);
			name = Products;
			sourceTree = "<group>";
		};
/* End PBXGroup section */

/* Begin PBXNativeTarget section */
		28F6CBBC2F8E9E8600AAE561 /* HappySkin */ = {
			isa = PBXNativeTarget;
			buildConfigurationList = 28F6CBE42F8E9E8800AAE561 /* Build configuration list for PBXNativeTarget "HappySkin" */;
			buildPhases = (
				28F6CBB92F8E9E8600AAE561 /* Sources */,
				28F6CBBA2F8E9E8600AAE561 /* Frameworks */,
				28F6CBBB2F8E9E8600AAE561 /* Resources */,
			);
			buildRules = (
			);
			dependencies = (
			);
			fileSystemSynchronizedGroups = (
				28F6CBBF2F8E9E8600AAE561 /* HappySkin */,
			);
			name = HappySkin;
			packageProductDependencies = (
				28F6CC062F8EB10000AAE561 /* FacebookCore */,
				28F6CC042F8EB10000AAE561 /* FacebookLogin */,
				28F6CC022F8EB10000AAE561 /* GoogleSignIn */,
				28F6CC002F8EB10000AAE561 /* FirebaseAuth */,
				28F6CBF02F8EA1A800AAE561 /* FirebaseAI */,
				28F6CBF22F8EA1A800AAE561 /* FirebaseAILogic */,
				28F6CBF42F8EA1A800AAE561 /* FirebaseAnalytics */,
				28F6CBF62F8EA1A800AAE561 /* FirebaseAnalyticsCore */,
				28F6CBF82F8EA1A800AAE561 /* FirebaseAnalyticsIdentitySupport */,
			);
			productName = HappySkin;
			productReference = 28F6CBBD2F8E9E8600AAE561 /* HappySkin.app */;
			productType = "com.apple.product-type.application";
		};
		28F6CBCF2F8E9E8800AAE561 /* HappySkinTests */ = {
			isa = PBXNativeTarget;
			buildConfigurationList = 28F6CBE72F8E9E8800AAE561 /* Build configuration list for PBXNativeTarget "HappySkinTests" */;
			buildPhases = (
				28F6CBCC2F8E9E8800AAE561 /* Sources */,
				28F6CBCD2F8E9E8800AAE561 /* Frameworks */,
				28F6CBCE2F8E9E8800AAE561 /* Resources */,
			);
			buildRules = (
			);
			dependencies = (
				28F6CBD22F8E9E8800AAE561 /* PBXTargetDependency */,
			);
			fileSystemSynchronizedGroups = (
				28F6CBD32F8E9E8800AAE561 /* HappySkinTests */,
			);
			name = HappySkinTests;
			packageProductDependencies = (
			);
			productName = HappySkinTests;
			productReference = 28F6CBD02F8E9E8800AAE561 /* HappySkinTests.xctest */;
			productType = "com.apple.product-type.bundle.unit-test";
		};
		28F6CBD92F8E9E8800AAE561 /* HappySkinUITests */ = {
			isa = PBXNativeTarget;
			buildConfigurationList = 28F6CBEA2F8E9E8800AAE561 /* Build configuration list for PBXNativeTarget "HappySkinUITests" */;
			buildPhases = (
				28F6CBD62F8E9E8800AAE561 /* Sources */,
				28F6CBD72F8E9E8800AAE561 /* Frameworks */,
				28F6CBD82F8E9E8800AAE561 /* Resources */,
			);
			buildRules = (
			);
			dependencies = (
				28F6CBDC2F8E9E8800AAE561 /* PBXTargetDependency */,
			);
			fileSystemSynchronizedGroups = (
				28F6CBDD2F8E9E8800AAE561 /* HappySkinUITests */,
			);
			name = HappySkinUITests;
			packageProductDependencies = (
			);
			productName = HappySkinUITests;
			productReference = 28F6CBDA2F8E9E8800AAE561 /* HappySkinUITests.xctest */;
			productType = "com.apple.product-type.bundle.ui-testing";
		};
/* End PBXNativeTarget section */

/* Begin PBXProject section */
		28F6CBB52F8E9E8600AAE561 /* Project object */ = {
			isa = PBXProject;
			attributes = {
				BuildIndependentTargetsInParallel = 1;
				LastSwiftUpdateCheck = 1620;
				LastUpgradeCheck = 1620;
				TargetAttributes = {
					28F6CBBC2F8E9E8600AAE561 = {
						CreatedOnToolsVersion = 16.2;
					};
					28F6CBCF2F8E9E8800AAE561 = {
						CreatedOnToolsVersion = 16.2;
						TestTargetID = 28F6CBBC2F8E9E8600AAE561;
					};
					28F6CBD92F8E9E8800AAE561 = {
						CreatedOnToolsVersion = 16.2;
						TestTargetID = 28F6CBBC2F8E9E8600AAE561;
					};
				};
			};
			buildConfigurationList = 28F6CBB82F8E9E8600AAE561 /* Build configuration list for PBXProject "HappySkin" */;
			developmentRegion = en;
			hasScannedForEncodings = 0;
			knownRegions = (
				en,
				Base,
			);
			mainGroup = 28F6CBB42F8E9E8600AAE561;
			minimizedProjectReferenceProxies = 1;
			packageReferences = (
				28F6CBEF2F8EA1A800AAE561 /* XCRemoteSwiftPackageReference "firebase-ios-sdk" */,
				28F6CC082F8EB10000AAE561 /* XCRemoteSwiftPackageReference "GoogleSignIn-iOS" */,
				28F6CC092F8EB10000AAE561 /* XCRemoteSwiftPackageReference "facebook-ios-sdk" */,
			);
			preferredProjectObjectVersion = 77;
			productRefGroup = 28F6CBBE2F8E9E8600AAE561 /* Products */;
			projectDirPath = "";
			projectRoot = "";
			targets = (
				28F6CBBC2F8E9E8600AAE561 /* HappySkin */,
				28F6CBCF2F8E9E8800AAE561 /* HappySkinTests */,
				28F6CBD92F8E9E8800AAE561 /* HappySkinUITests */,
			);
		};
/* End PBXProject section */

/* Begin PBXResourcesBuildPhase section */
		28F6CBBB2F8E9E8600AAE561 /* Resources */ = {
			isa = PBXResourcesBuildPhase;
			buildActionMask = 2147483647;
			files = (
			);
			runOnlyForDeploymentPostprocessing = 0;
		};
		28F6CBCE2F8E9E8800AAE561 /* Resources */ = {
			isa = PBXResourcesBuildPhase;
			buildActionMask = 2147483647;
			files = (
			);
			runOnlyForDeploymentPostprocessing = 0;
		};
		28F6CBD82F8E9E8800AAE561 /* Resources */ = {
			isa = PBXResourcesBuildPhase;
			buildActionMask = 2147483647;
			files = (
			);
			runOnlyForDeploymentPostprocessing = 0;
		};
/* End PBXResourcesBuildPhase section */

/* Begin PBXSourcesBuildPhase section */
		28F6CBB92F8E9E8600AAE561 /* Sources */ = {
			isa = PBXSourcesBuildPhase;
			buildActionMask = 2147483647;
			files = (
			);
			runOnlyForDeploymentPostprocessing = 0;
		};
		28F6CBCC2F8E9E8800AAE561 /* Sources */ = {
			isa = PBXSourcesBuildPhase;
			buildActionMask = 2147483647;
			files = (
			);
			runOnlyForDeploymentPostprocessing = 0;
		};
		28F6CBD62F8E9E8800AAE561 /* Sources */ = {
			isa = PBXSourcesBuildPhase;
			buildActionMask = 2147483647;
			files = (
			);
			runOnlyForDeploymentPostprocessing = 0;
		};
/* End PBXSourcesBuildPhase section */

/* Begin PBXTargetDependency section */
		28F6CBD22F8E9E8800AAE561 /* PBXTargetDependency */ = {
			isa = PBXTargetDependency;
			target = 28F6CBBC2F8E9E8600AAE561 /* HappySkin */;
			targetProxy = 28F6CBD12F8E9E8800AAE561 /* PBXContainerItemProxy */;
		};
		28F6CBDC2F8E9E8800AAE561 /* PBXTargetDependency */ = {
			isa = PBXTargetDependency;
			target = 28F6CBBC2F8E9E8600AAE561 /* HappySkin */;
			targetProxy = 28F6CBDB2F8E9E8800AAE561 /* PBXContainerItemProxy */;
		};
/* End PBXTargetDependency section */

/* Begin XCBuildConfiguration section */
		28F6CBE22F8E9E8800AAE561 /* Debug */ = {
			isa = XCBuildConfiguration;
			buildSettings = {
				ALWAYS_SEARCH_USER_PATHS = NO;
				ASSETCATALOG_COMPILER_GENERATE_SWIFT_ASSET_SYMBOL_EXTENSIONS = YES;
				CLANG_ANALYZER_NONNULL = YES;
				CLANG_ANALYZER_NUMBER_OBJECT_CONVERSION = YES_AGGRESSIVE;
				CLANG_CXX_LANGUAGE_STANDARD = "gnu++20";
				CLANG_ENABLE_MODULES = YES;
				CLANG_ENABLE_OBJC_ARC = YES;
				CLANG_ENABLE_OBJC_WEAK = YES;
				CLANG_WARN_BLOCK_CAPTURE_AUTORELEASING = YES;
				CLANG_WARN_BOOL_CONVERSION = YES;
				CLANG_WARN_COMMA = YES;
				CLANG_WARN_CONSTANT_CONVERSION = YES;
				CLANG_WARN_DEPRECATED_OBJC_IMPLEMENTATIONS = YES;
				CLANG_WARN_DIRECT_OBJC_ISA_USAGE = YES_ERROR;
				CLANG_WARN_DOCUMENTATION_COMMENTS = YES;
				CLANG_WARN_EMPTY_BODY = YES;
				CLANG_WARN_ENUM_CONVERSION = YES;
				CLANG_WARN_INFINITE_RECURSION = YES;
				CLANG_WARN_INT_CONVERSION = YES;
				CLANG_WARN_NON_LITERAL_NULL_CONVERSION = YES;
				CLANG_WARN_OBJC_IMPLICIT_RETAIN_SELF = YES;
				CLANG_WARN_OBJC_LITERAL_CONVERSION = YES;
				CLANG_WARN_OBJC_ROOT_CLASS = YES_ERROR;
				CLANG_WARN_QUOTED_INCLUDE_IN_FRAMEWORK_HEADER = YES;
				CLANG_WARN_RANGE_LOOP_ANALYSIS = YES;
				CLANG_WARN_STRICT_PROTOTYPES = YES;
				CLANG_WARN_SUSPICIOUS_MOVE = YES;
				CLANG_WARN_UNGUARDED_AVAILABILITY = YES_AGGRESSIVE;
				CLANG_WARN_UNREACHABLE_CODE = YES;
				CLANG_WARN__DUPLICATE_METHOD_MATCH = YES;
				COPY_PHASE_STRIP = NO;
				DEBUG_INFORMATION_FORMAT = dwarf;
				ENABLE_STRICT_OBJC_MSGSEND = YES;
				ENABLE_TESTABILITY = YES;
				ENABLE_USER_SCRIPT_SANDBOXING = YES;
				GCC_C_LANGUAGE_STANDARD = gnu17;
				GCC_DYNAMIC_NO_PIC = NO;
				GCC_NO_COMMON_BLOCKS = YES;
				GCC_OPTIMIZATION_LEVEL = 0;
				GCC_PREPROCESSOR_DEFINITIONS = (
					"DEBUG=1",
					"$(inherited)",
				);
				GCC_WARN_64_TO_32_BIT_CONVERSION = YES;
				GCC_WARN_ABOUT_RETURN_TYPE = YES_ERROR;
				GCC_WARN_UNDECLARED_SELECTOR = YES;
				GCC_WARN_UNINITIALIZED_AUTOS = YES_AGGRESSIVE;
				GCC_WARN_UNUSED_FUNCTION = YES;
				GCC_WARN_UNUSED_VARIABLE = YES;
				LOCALIZATION_PREFERS_STRING_CATALOGS = YES;
				MTL_ENABLE_DEBUG_INFO = INCLUDE_SOURCE;
				MTL_FAST_MATH = YES;
				ONLY_ACTIVE_ARCH = YES;
				SWIFT_ACTIVE_COMPILATION_CONDITIONS = "DEBUG $(inherited)";
				SWIFT_OPTIMIZATION_LEVEL = "-Onone";
			};
			name = Debug;
		};
		28F6CBE32F8E9E8800AAE561 /* Release */ = {
			isa = XCBuildConfiguration;
			buildSettings = {
				ALWAYS_SEARCH_USER_PATHS = NO;
				ASSETCATALOG_COMPILER_GENERATE_SWIFT_ASSET_SYMBOL_EXTENSIONS = YES;
				CLANG_ANALYZER_NONNULL = YES;
				CLANG_ANALYZER_NUMBER_OBJECT_CONVERSION = YES_AGGRESSIVE;
				CLANG_CXX_LANGUAGE_STANDARD = "gnu++20";
				CLANG_ENABLE_MODULES = YES;
				CLANG_ENABLE_OBJC_ARC = YES;
				CLANG_ENABLE_OBJC_WEAK = YES;
				CLANG_WARN_BLOCK_CAPTURE_AUTORELEASING = YES;
				CLANG_WARN_BOOL_CONVERSION = YES;
				CLANG_WARN_COMMA = YES;
				CLANG_WARN_CONSTANT_CONVERSION = YES;
				CLANG_WARN_DEPRECATED_OBJC_IMPLEMENTATIONS = YES;
				CLANG_WARN_DIRECT_OBJC_ISA_USAGE = YES_ERROR;
				CLANG_WARN_DOCUMENTATION_COMMENTS = YES;
				CLANG_WARN_EMPTY_BODY = YES;
				CLANG_WARN_ENUM_CONVERSION = YES;
				CLANG_WARN_INFINITE_RECURSION = YES;
				CLANG_WARN_INT_CONVERSION = YES;
				CLANG_WARN_NON_LITERAL_NULL_CONVERSION = YES;
				CLANG_WARN_OBJC_IMPLICIT_RETAIN_SELF = YES;
				CLANG_WARN_OBJC_LITERAL_CONVERSION = YES;
				CLANG_WARN_OBJC_ROOT_CLASS = YES_ERROR;
				CLANG_WARN_QUOTED_INCLUDE_IN_FRAMEWORK_HEADER = YES;
				CLANG_WARN_RANGE_LOOP_ANALYSIS = YES;
				CLANG_WARN_STRICT_PROTOTYPES = YES;
				CLANG_WARN_SUSPICIOUS_MOVE = YES;
				CLANG_WARN_UNGUARDED_AVAILABILITY = YES_AGGRESSIVE;
				CLANG_WARN_UNREACHABLE_CODE = YES;
				CLANG_WARN__DUPLICATE_METHOD_MATCH = YES;
				COPY_PHASE_STRIP = NO;
				DEBUG_INFORMATION_FORMAT = "dwarf-with-dsym";
				ENABLE_NS_ASSERTIONS = NO;
				ENABLE_STRICT_OBJC_MSGSEND = YES;
				ENABLE_USER_SCRIPT_SANDBOXING = YES;
				GCC_C_LANGUAGE_STANDARD = gnu17;
				GCC_NO_COMMON_BLOCKS = YES;
				GCC_WARN_64_TO_32_BIT_CONVERSION = YES;
				GCC_WARN_ABOUT_RETURN_TYPE = YES_ERROR;
				GCC_WARN_UNDECLARED_SELECTOR = YES;
				GCC_WARN_UNINITIALIZED_AUTOS = YES_AGGRESSIVE;
				GCC_WARN_UNUSED_FUNCTION = YES;
				GCC_WARN_UNUSED_VARIABLE = YES;
				LOCALIZATION_PREFERS_STRING_CATALOGS = YES;
				MTL_ENABLE_DEBUG_INFO = NO;
				MTL_FAST_MATH = YES;
				SWIFT_COMPILATION_MODE = wholemodule;
			};
			name = Release;
		};
		28F6CBE52F8E9E8800AAE561 /* Debug */ = {
			isa = XCBuildConfiguration;
			buildSettings = {
				ASSETCATALOG_COMPILER_APPICON_NAME = AppIcon;
				ASSETCATALOG_COMPILER_GLOBAL_ACCENT_COLOR_NAME = AccentColor;
				"CODE_SIGNING_ALLOWED[sdk=iphoneos*]" = NO;
				"CODE_SIGNING_ALLOWED[sdk=iphonesimulator*]" = YES;
				CODE_SIGN_STYLE = Automatic;
				CURRENT_PROJECT_VERSION = 1;
				DEVELOPMENT_ASSET_PATHS = "\"HappySkin/Preview Content\"";
				ENABLE_PREVIEWS = YES;
				GENERATE_INFOPLIST_FILE = YES;
				"INFOPLIST_KEY_UIApplicationSceneManifest_Generation[sdk=iphoneos*]" = YES;
				"INFOPLIST_KEY_UIApplicationSceneManifest_Generation[sdk=iphonesimulator*]" = YES;
				"INFOPLIST_KEY_UIApplicationSupportsIndirectInputEvents[sdk=iphoneos*]" = YES;
				"INFOPLIST_KEY_UIApplicationSupportsIndirectInputEvents[sdk=iphonesimulator*]" = YES;
				"INFOPLIST_KEY_UILaunchScreen_Generation[sdk=iphoneos*]" = YES;
				"INFOPLIST_KEY_UILaunchScreen_Generation[sdk=iphonesimulator*]" = YES;
				"INFOPLIST_KEY_UIStatusBarStyle[sdk=iphoneos*]" = UIStatusBarStyleDefault;
				"INFOPLIST_KEY_UIStatusBarStyle[sdk=iphonesimulator*]" = UIStatusBarStyleDefault;
				INFOPLIST_KEY_NSCameraUsageDescription = "Necesitamos acceso a la camara para analizar imagenes de piel con Gemini.";
				INFOPLIST_KEY_NSPhotoLibraryUsageDescription = "Necesitamos acceso a tus fotos para adjuntar imagenes al analisis de piel.";
				INFOPLIST_KEY_UISupportedInterfaceOrientations_iPad = "UIInterfaceOrientationPortrait UIInterfaceOrientationPortraitUpsideDown UIInterfaceOrientationLandscapeLeft UIInterfaceOrientationLandscapeRight";
				INFOPLIST_KEY_UISupportedInterfaceOrientations_iPhone = "UIInterfaceOrientationPortrait UIInterfaceOrientationLandscapeLeft UIInterfaceOrientationLandscapeRight";
				IPHONEOS_DEPLOYMENT_TARGET = 18.2;
				LD_RUNPATH_SEARCH_PATHS = "@executable_path/Frameworks";
				MARKETING_VERSION = 1.0;
				PRODUCT_BUNDLE_IDENTIFIER = GAF.UANL.HappySkin;
				PRODUCT_NAME = "$(TARGET_NAME)";
				SDKROOT = auto;
				SUPPORTED_PLATFORMS = "iphoneos iphonesimulator";
				SWIFT_EMIT_LOC_STRINGS = YES;
				SWIFT_VERSION = 5.0;
				TARGETED_DEVICE_FAMILY = "1,2";
			};
			name = Debug;
		};
		28F6CBE62F8E9E8800AAE561 /* Release */ = {
			isa = XCBuildConfiguration;
			buildSettings = {
				ASSETCATALOG_COMPILER_APPICON_NAME = AppIcon;
				ASSETCATALOG_COMPILER_GLOBAL_ACCENT_COLOR_NAME = AccentColor;
				"CODE_SIGNING_ALLOWED[sdk=iphoneos*]" = NO;
				"CODE_SIGNING_ALLOWED[sdk=iphonesimulator*]" = YES;
				CODE_SIGN_STYLE = Automatic;
				CURRENT_PROJECT_VERSION = 1;
				DEVELOPMENT_ASSET_PATHS = "\"HappySkin/Preview Content\"";
				ENABLE_PREVIEWS = YES;
				GENERATE_INFOPLIST_FILE = YES;
				"INFOPLIST_KEY_UIApplicationSceneManifest_Generation[sdk=iphoneos*]" = YES;
				"INFOPLIST_KEY_UIApplicationSceneManifest_Generation[sdk=iphonesimulator*]" = YES;
				"INFOPLIST_KEY_UIApplicationSupportsIndirectInputEvents[sdk=iphoneos*]" = YES;
				"INFOPLIST_KEY_UIApplicationSupportsIndirectInputEvents[sdk=iphonesimulator*]" = YES;
				"INFOPLIST_KEY_UILaunchScreen_Generation[sdk=iphoneos*]" = YES;
				"INFOPLIST_KEY_UILaunchScreen_Generation[sdk=iphonesimulator*]" = YES;
				"INFOPLIST_KEY_UIStatusBarStyle[sdk=iphoneos*]" = UIStatusBarStyleDefault;
				"INFOPLIST_KEY_UIStatusBarStyle[sdk=iphonesimulator*]" = UIStatusBarStyleDefault;
				INFOPLIST_KEY_NSCameraUsageDescription = "Necesitamos acceso a la camara para analizar imagenes de piel con Gemini.";
				INFOPLIST_KEY_NSPhotoLibraryUsageDescription = "Necesitamos acceso a tus fotos para adjuntar imagenes al analisis de piel.";
				INFOPLIST_KEY_UISupportedInterfaceOrientations_iPad = "UIInterfaceOrientationPortrait UIInterfaceOrientationPortraitUpsideDown UIInterfaceOrientationLandscapeLeft UIInterfaceOrientationLandscapeRight";
				INFOPLIST_KEY_UISupportedInterfaceOrientations_iPhone = "UIInterfaceOrientationPortrait UIInterfaceOrientationLandscapeLeft UIInterfaceOrientationLandscapeRight";
				IPHONEOS_DEPLOYMENT_TARGET = 18.2;
				LD_RUNPATH_SEARCH_PATHS = "@executable_path/Frameworks";
				MARKETING_VERSION = 1.0;
				PRODUCT_BUNDLE_IDENTIFIER = GAF.UANL.HappySkin;
				PRODUCT_NAME = "$(TARGET_NAME)";
				SDKROOT = auto;
				SUPPORTED_PLATFORMS = "iphoneos iphonesimulator";
				SWIFT_EMIT_LOC_STRINGS = YES;
				SWIFT_VERSION = 5.0;
				TARGETED_DEVICE_FAMILY = "1,2";
			};
			name = Release;
		};
		28F6CBE82F8E9E8800AAE561 /* Debug */ = {
			isa = XCBuildConfiguration;
			buildSettings = {
				BUNDLE_LOADER = "$(TEST_HOST)";
				"CODE_SIGNING_ALLOWED[sdk=iphoneos*]" = NO;
				"CODE_SIGNING_ALLOWED[sdk=iphonesimulator*]" = YES;
				CODE_SIGN_STYLE = Automatic;
				CURRENT_PROJECT_VERSION = 1;
				GENERATE_INFOPLIST_FILE = YES;
				IPHONEOS_DEPLOYMENT_TARGET = 18.2;
				MARKETING_VERSION = 1.0;
				PRODUCT_BUNDLE_IDENTIFIER = GAF.UANL.HappySkinTests;
				PRODUCT_NAME = "$(TARGET_NAME)";
				SDKROOT = auto;
				SUPPORTED_PLATFORMS = "iphoneos iphonesimulator";
				SWIFT_EMIT_LOC_STRINGS = NO;
				SWIFT_VERSION = 5.0;
				TARGETED_DEVICE_FAMILY = "1,2";
				TEST_HOST = "$(BUILT_PRODUCTS_DIR)/HappySkin.app/$(BUNDLE_EXECUTABLE_FOLDER_PATH)/HappySkin";
			};
			name = Debug;
		};
		28F6CBE92F8E9E8800AAE561 /* Release */ = {
			isa = XCBuildConfiguration;
			buildSettings = {
				BUNDLE_LOADER = "$(TEST_HOST)";
				"CODE_SIGNING_ALLOWED[sdk=iphoneos*]" = NO;
				"CODE_SIGNING_ALLOWED[sdk=iphonesimulator*]" = YES;
				CODE_SIGN_STYLE = Automatic;
				CURRENT_PROJECT_VERSION = 1;
				GENERATE_INFOPLIST_FILE = YES;
				IPHONEOS_DEPLOYMENT_TARGET = 18.2;
				MARKETING_VERSION = 1.0;
				PRODUCT_BUNDLE_IDENTIFIER = GAF.UANL.HappySkinTests;
				PRODUCT_NAME = "$(TARGET_NAME)";
				SDKROOT = auto;
				SUPPORTED_PLATFORMS = "iphoneos iphonesimulator";
				SWIFT_EMIT_LOC_STRINGS = NO;
				SWIFT_VERSION = 5.0;
				TARGETED_DEVICE_FAMILY = "1,2";
				TEST_HOST = "$(BUILT_PRODUCTS_DIR)/HappySkin.app/$(BUNDLE_EXECUTABLE_FOLDER_PATH)/HappySkin";
			};
			name = Release;
		};
		28F6CBEB2F8E9E8800AAE561 /* Debug */ = {
			isa = XCBuildConfiguration;
			buildSettings = {
				"CODE_SIGNING_ALLOWED[sdk=iphoneos*]" = NO;
				"CODE_SIGNING_ALLOWED[sdk=iphonesimulator*]" = YES;
				CODE_SIGN_STYLE = Automatic;
				CURRENT_PROJECT_VERSION = 1;
				GENERATE_INFOPLIST_FILE = YES;
				IPHONEOS_DEPLOYMENT_TARGET = 18.2;
				MARKETING_VERSION = 1.0;
				PRODUCT_BUNDLE_IDENTIFIER = GAF.UANL.HappySkinUITests;
				PRODUCT_NAME = "$(TARGET_NAME)";
				SDKROOT = auto;
				SUPPORTED_PLATFORMS = "iphoneos iphonesimulator";
				SWIFT_EMIT_LOC_STRINGS = NO;
				SWIFT_VERSION = 5.0;
				TARGETED_DEVICE_FAMILY = "1,2";
				TEST_TARGET_NAME = HappySkin;
			};
			name = Debug;
		};
		28F6CBEC2F8E9E8800AAE561 /* Release */ = {
			isa = XCBuildConfiguration;
			buildSettings = {
				"CODE_SIGNING_ALLOWED[sdk=iphoneos*]" = NO;
				"CODE_SIGNING_ALLOWED[sdk=iphonesimulator*]" = YES;
				CODE_SIGN_STYLE = Automatic;
				CURRENT_PROJECT_VERSION = 1;
				GENERATE_INFOPLIST_FILE = YES;
				IPHONEOS_DEPLOYMENT_TARGET = 18.2;
				MARKETING_VERSION = 1.0;
				PRODUCT_BUNDLE_IDENTIFIER = GAF.UANL.HappySkinUITests;
				PRODUCT_NAME = "$(TARGET_NAME)";
				SDKROOT = auto;
				SUPPORTED_PLATFORMS = "iphoneos iphonesimulator";
				SWIFT_EMIT_LOC_STRINGS = NO;
				SWIFT_VERSION = 5.0;
				TARGETED_DEVICE_FAMILY = "1,2";
				TEST_TARGET_NAME = HappySkin;
			};
			name = Release;
		};
/* End XCBuildConfiguration section */

/* Begin XCConfigurationList section */
		28F6CBB82F8E9E8600AAE561 /* Build configuration list for PBXProject "HappySkin" */ = {
			isa = XCConfigurationList;
			buildConfigurations = (
				28F6CBE22F8E9E8800AAE561 /* Debug */,
				28F6CBE32F8E9E8800AAE561 /* Release */,
			);
			defaultConfigurationIsVisible = 0;
			defaultConfigurationName = Release;
		};
		28F6CBE42F8E9E8800AAE561 /* Build configuration list for PBXNativeTarget "HappySkin" */ = {
			isa = XCConfigurationList;
			buildConfigurations = (
				28F6CBE52F8E9E8800AAE561 /* Debug */,
				28F6CBE62F8E9E8800AAE561 /* Release */,
			);
			defaultConfigurationIsVisible = 0;
			defaultConfigurationName = Release;
		};
		28F6CBE72F8E9E8800AAE561 /* Build configuration list for PBXNativeTarget "HappySkinTests" */ = {
			isa = XCConfigurationList;
			buildConfigurations = (
				28F6CBE82F8E9E8800AAE561 /* Debug */,
				28F6CBE92F8E9E8800AAE561 /* Release */,
			);
			defaultConfigurationIsVisible = 0;
			defaultConfigurationName = Release;
		};
		28F6CBEA2F8E9E8800AAE561 /* Build configuration list for PBXNativeTarget "HappySkinUITests" */ = {
			isa = XCConfigurationList;
			buildConfigurations = (
				28F6CBEB2F8E9E8800AAE561 /* Debug */,
				28F6CBEC2F8E9E8800AAE561 /* Release */,
			);
			defaultConfigurationIsVisible = 0;
			defaultConfigurationName = Release;
		};
/* End XCConfigurationList section */

/* Begin XCRemoteSwiftPackageReference section */
		28F6CBEF2F8EA1A800AAE561 /* XCRemoteSwiftPackageReference "firebase-ios-sdk" */ = {
			isa = XCRemoteSwiftPackageReference;
			repositoryURL = "https://github.com/firebase/firebase-ios-sdk";
			requirement = {
				kind = upToNextMajorVersion;
				minimumVersion = 12.12.0;
			};
		};
		28F6CC082F8EB10000AAE561 /* XCRemoteSwiftPackageReference "GoogleSignIn-iOS" */ = {
			isa = XCRemoteSwiftPackageReference;
			repositoryURL = "https://github.com/google/GoogleSignIn-iOS";
			requirement = {
				kind = upToNextMajorVersion;
				minimumVersion = 8.0.0;
			};
		};
		28F6CC092F8EB10000AAE561 /* XCRemoteSwiftPackageReference "facebook-ios-sdk" */ = {
			isa = XCRemoteSwiftPackageReference;
			repositoryURL = "https://github.com/facebook/facebook-ios-sdk";
			requirement = {
				kind = upToNextMajorVersion;
				minimumVersion = 17.0.0;
			};
		};
/* End XCRemoteSwiftPackageReference section */

/* Begin XCSwiftPackageProductDependency section */
		28F6CBF02F8EA1A800AAE561 /* FirebaseAI */ = {
			isa = XCSwiftPackageProductDependency;
			package = 28F6CBEF2F8EA1A800AAE561 /* XCRemoteSwiftPackageReference "firebase-ios-sdk" */;
			productName = FirebaseAI;
		};
		28F6CBF22F8EA1A800AAE561 /* FirebaseAILogic */ = {
			isa = XCSwiftPackageProductDependency;
			package = 28F6CBEF2F8EA1A800AAE561 /* XCRemoteSwiftPackageReference "firebase-ios-sdk" */;
			productName = FirebaseAILogic;
		};
		28F6CBF42F8EA1A800AAE561 /* FirebaseAnalytics */ = {
			isa = XCSwiftPackageProductDependency;
			package = 28F6CBEF2F8EA1A800AAE561 /* XCRemoteSwiftPackageReference "firebase-ios-sdk" */;
			productName = FirebaseAnalytics;
		};
		28F6CBF62F8EA1A800AAE561 /* FirebaseAnalyticsCore */ = {
			isa = XCSwiftPackageProductDependency;
			package = 28F6CBEF2F8EA1A800AAE561 /* XCRemoteSwiftPackageReference "firebase-ios-sdk" */;
			productName = FirebaseAnalyticsCore;
		};
		28F6CBF82F8EA1A800AAE561 /* FirebaseAnalyticsIdentitySupport */ = {
			isa = XCSwiftPackageProductDependency;
			package = 28F6CBEF2F8EA1A800AAE561 /* XCRemoteSwiftPackageReference "firebase-ios-sdk" */;
			productName = FirebaseAnalyticsIdentitySupport;
		};
		28F6CC002F8EB10000AAE561 /* FirebaseAuth */ = {
			isa = XCSwiftPackageProductDependency;
			package = 28F6CBEF2F8EA1A800AAE561 /* XCRemoteSwiftPackageReference "firebase-ios-sdk" */;
			productName = FirebaseAuth;
		};
		28F6CC022F8EB10000AAE561 /* GoogleSignIn */ = {
			isa = XCSwiftPackageProductDependency;
			package = 28F6CC082F8EB10000AAE561 /* XCRemoteSwiftPackageReference "GoogleSignIn-iOS" */;
			productName = GoogleSignIn;
		};
		28F6CC042F8EB10000AAE561 /* FacebookLogin */ = {
			isa = XCSwiftPackageProductDependency;
			package = 28F6CC092F8EB10000AAE561 /* XCRemoteSwiftPackageReference "facebook-ios-sdk" */;
			productName = FacebookLogin;
		};
		28F6CC062F8EB10000AAE561 /* FacebookCore */ = {
			isa = XCSwiftPackageProductDependency;
			package = 28F6CC092F8EB10000AAE561 /* XCRemoteSwiftPackageReference "facebook-ios-sdk" */;
			productName = FacebookCore;
		};
/* End XCSwiftPackageProductDependency section */
	};
	rootObject = 28F6CBB52F8E9E8600AAE561 /* Project object */;
}
